
Microsoft Visual Studio Solution File, Format Version 12.00
# Visual Studio Version 17
VisualStudioVersion = 17.5.002.0
MinimumVisualStudioVersion = 10.0.40219.1
Project("{9A19103F-16F7-4668-BE54-9A1E7A4F7556}") = "Solver", "Solver/Solver.csproj", "{1268243E-BC0F-4E5E-BD00-29C7486097C6}"
EndProject
Project("{FAE04EC0-301F-11D3-BF4B-00C04F79EFBC}") = "Benchmarker", "Benchmarker\Benchmarker.csproj", "{E174C482-724C-45C3-B1B9-71DFD1779EA5}"
EndProject
Global
	GlobalSection(SolutionConfigurationPlatforms) = preSolution
		Debug|Any CPU = Debug|Any CPU
		Release|Any CPU = Release|Any CPU
	EndGlobalSection
	GlobalSection(ProjectConfigurationPlatforms) = postSolution
		{1268243E-BC0F-4E5E-BD00-29C7486097C6}.Debug|Any CPU.ActiveCfg = Debug|Any CPU
		{1268243E-BC0F-4E5E-BD00-29C7486097C6}.Debug|Any CPU.Build.0 = Debug|Any CPU
		{1268243E-BC0F-4E5E-BD00-29C7486097C6}.Release|Any CPU.ActiveCfg = Release|Any CPU
		{1268243E-BC0F-4E5E-BD00-29C7486097C6}.Release|Any CPU.Build.0 = Release|Any CPU
		{E174C482-724C-45C3-B1B9-71DFD1779EA5}.Debug|Any CPU.ActiveCfg = Debug|Any CPU
		{E174C482-724C-45C3-B1B9-71DFD1779EA5}.Debug|Any CPU.Build.0 = Debug|Any CPU
		{E174C482-724C-45C3-B1B9-71DFD1779EA5}.Release|Any CPU.ActiveCfg = Release|Any CPU
		{E174C482-724C-45C3-B1B9-71DFD1779EA5}.Release|Any CPU.Build.0 = Release|Any CPU
	EndGlobalSection
	GlobalSection(SolutionProperties) = preSolution
		HideSolutionNode = FALSE
	EndGlobalSection
	GlobalSection(ExtensibilityGlobals) = postSolution
		SolutionGuid = {760E1FF7-07C1-4230-84BB-0E116D9601EB}
	EndGlobalSection
EndGlobal
